# This file is generated by running "yarn install" inside your project.
# Manual changes might be lost - proceed with caution!

__metadata:
  version: 6
  cacheKey: 8

"@types/commander@npm:^2.12.2":
  version: 2.12.2
  resolution: "@types/commander@npm:2.12.2"
  dependencies:
    commander: "*"
  checksum: 8cfc1797b3a6cbff7d723590480c36f5569dc1a9f2810770178ce10de1ed65655ae2ef954c9051fa176760dcf87b1e5330be65ef2e77e58c904be0e299b8b08e
  languageName: node
  linkType: hard

"@types/node@npm:^18.7.18":
  version: 18.7.18
  resolution: "@types/node@npm:18.7.18"
  checksum: 8aec61f0f96e2a69ce51f1f40f949ca578bbb4fe05d7c0b8ce3aeeb848e90f755837f17f6ac132ca404d974fe9b2974150ad3b4984fc9dc7c3ceddb10bae0167
  languageName: node
  linkType: hard

"asynckit@npm:^0.4.0":
  version: 0.4.0
  resolution: "asynckit@npm:0.4.0"
  checksum: 7b78c451df768adba04e2d02e63e2d0bf3b07adcd6e42b4cf665cb7ce899bedd344c69a1dcbce355b5f972d597b25aaa1c1742b52cffd9caccb22f348114f6be
  languageName: node
  linkType: hard

"axios@npm:^0.27.2":
  version: 0.27.2
  resolution: "axios@npm:0.27.2"
  dependencies:
    follow-redirects: ^1.14.9
    form-data: ^4.0.0
  checksum: 38cb7540465fe8c4102850c4368053c21683af85c5fdf0ea619f9628abbcb59415d1e22ebc8a6390d2bbc9b58a9806c874f139767389c862ec9b772235f06854
  languageName: node
  linkType: hard

"combined-stream@npm:^1.0.8":
  version: 1.0.8
  resolution: "combined-stream@npm:1.0.8"
  dependencies:
    delayed-stream: ~1.0.0
  checksum: 49fa4aeb4916567e33ea81d088f6584749fc90c7abec76fd516bf1c5aa5c79f3584b5ba3de6b86d26ddd64bae5329c4c7479343250cfe71c75bb366eae53bb7c
  languageName: node
  linkType: hard

"commander@npm:*, commander@npm:^9.4.0":
  version: 9.4.0
  resolution: "commander@npm:9.4.0"
  checksum: a322de584a6ccd1ea83c24f6a660e52d16ffbe2613fcfbb8d2cc68bc9dec637492456d754fe8bb5b039ad843ed8e04fb0b107e581a75f62cde9e1a0ab1546e09
  languageName: node
  linkType: hard

"csv-parser@npm:^3.0.0":
  version: 3.0.0
  resolution: "csv-parser@npm:3.0.0"
  dependencies:
    minimist: ^1.2.0
  bin:
    csv-parser: bin/csv-parser
  checksum: adc9d67d9f185249825570778c24d13004625301655330f6b735a052b9fdfbe1a239a014afb1f89939e0626ee573718f71f9f14164db7c17e4bcb2f38d6a162b
  languageName: node
  linkType: hard

"delayed-stream@npm:~1.0.0":
  version: 1.0.0
  resolution: "delayed-stream@npm:1.0.0"
  checksum: 46fe6e83e2cb1d85ba50bd52803c68be9bd953282fa7096f51fc29edd5d67ff84ff753c51966061e5ba7cb5e47ef6d36a91924eddb7f3f3483b1c560f77a0020
  languageName: node
  linkType: hard

"follow-redirects@npm:^1.14.9":
  version: 1.15.2
  resolution: "follow-redirects@npm:1.15.2"
  peerDependenciesMeta:
    debug:
      optional: true
  checksum: faa66059b66358ba65c234c2f2a37fcec029dc22775f35d9ad6abac56003268baf41e55f9ee645957b32c7d9f62baf1f0b906e68267276f54ec4b4c597c2b190
  languageName: node
  linkType: hard

"form-data@npm:^4.0.0":
  version: 4.0.0
  resolution: "form-data@npm:4.0.0"
  dependencies:
    asynckit: ^0.4.0
    combined-stream: ^1.0.8
    mime-types: ^2.1.12
  checksum: 01135bf8675f9d5c61ff18e2e2932f719ca4de964e3be90ef4c36aacfc7b9cb2fceb5eca0b7e0190e3383fe51c5b37f4cb80b62ca06a99aaabfcfd6ac7c9328c
  languageName: node
  linkType: hard

"mime-db@npm:1.52.0":
  version: 1.52.0
  resolution: "mime-db@npm:1.52.0"
  checksum: 0d99a03585f8b39d68182803b12ac601d9c01abfa28ec56204fa330bc9f3d1c5e14beb049bafadb3dbdf646dfb94b87e24d4ec7b31b7279ef906a8ea9b6a513f
  languageName: node
  linkType: hard

"mime-types@npm:^2.1.12":
  version: 2.1.35
  resolution: "mime-types@npm:2.1.35"
  dependencies:
    mime-db: 1.52.0
  checksum: 89a5b7f1def9f3af5dad6496c5ed50191ae4331cc5389d7c521c8ad28d5fdad2d06fd81baf38fed813dc4e46bb55c8145bb0ff406330818c9cf712fb2e9b3836
  languageName: node
  linkType: hard

"minimist@npm:^1.2.0":
  version: 1.2.6
  resolution: "minimist@npm:1.2.6"
  checksum: d15428cd1e11eb14e1233bcfb88ae07ed7a147de251441d61158619dfb32c4d7e9061d09cab4825fdee18ecd6fce323228c8c47b5ba7cd20af378ca4048fb3fb
  languageName: node
  linkType: hard

"moment@npm:^2.29.4":
  version: 2.29.4
  resolution: "moment@npm:2.29.4"
  checksum: 0ec3f9c2bcba38dc2451b1daed5daded747f17610b92427bebe1d08d48d8b7bdd8d9197500b072d14e326dd0ccf3e326b9e3d07c5895d3d49e39b6803b76e80e
  languageName: node
  linkType: hard

"propine-crypto@workspace:.":
  version: 0.0.0-use.local
  resolution: "propine-crypto@workspace:."
  dependencies:
    "@types/commander": ^2.12.2
    "@types/node": ^18.7.18
    axios: ^0.27.2
    commander: ^9.4.0
    csv-parser: ^3.0.0
    moment: ^2.29.4
    typescript: ^4.8.3
  languageName: unknown
  linkType: soft

"typescript@npm:^4.8.3":
  version: 4.8.3
  resolution: "typescript@npm:4.8.3"
  bin:
    tsc: bin/tsc
    tsserver: bin/tsserver
  checksum: 8286a5edcaf3d68e65c451aa1e7150ad1cf53ee0813c07ec35b7abdfdb10f355ecaa13c6a226a694ae7a67785fd7eeebf89f845da0b4f7e4a35561ddc459aba0
  languageName: node
  linkType: hard

"typescript@patch:typescript@^4.8.3#~builtin<compat/typescript>":
  version: 4.8.3
  resolution: "typescript@patch:typescript@npm%3A4.8.3#~builtin<compat/typescript>::version=4.8.3&hash=a1c5e5"
  bin:
    tsc: bin/tsc
    tsserver: bin/tsserver
  checksum: 2222d2382fb3146089b1d27ce2b55e9d1f99cc64118f1aba75809b693b856c5d3c324f052f60c75b577947fc538bc1c27bad0eb76cbdba9a63a253489504ba7e
  languageName: node
  linkType: hard
